
Microsoft Visual Studio Solution File, Format Version 12.00
# Visual Studio 15
VisualStudioVersion = 15.0.26510.0
MinimumVisualStudioVersion = 10.0.40219.1
Project("{2150E333-8FDC-42A3-9474-1A3956D46DE8}") = "src", "src", "{2D805782-756E-4C98-B22E-F502BEE95318}"
EndProject
Project("{2150E333-8FDC-42A3-9474-1A3956D46DE8}") = "Solution Items", "Solution Items", "{31A4DDB1-952E-4EED-96EF-29C669279A86}"
	ProjectSection(SolutionItems) = preProject
		.travis.yml = .travis.yml
		AppMetrics.ruleset = AppMetrics.ruleset
		appveyor.yml = appveyor.yml
		global.json = global.json
		stylecop.json = stylecop.json
		version.props = version.props
	EndProjectSection
EndProject
Project("{2150E333-8FDC-42A3-9474-1A3956D46DE8}") = "test", "test", "{DD2E4647-7125-4CE3-9BA5-B45A26113A31}"
EndProject
Project("{2150E333-8FDC-42A3-9474-1A3956D46DE8}") = "benchmarks", "benchmarks", "{A335612E-C4C6-4AF4-98A9-EB9FF40CA258}"
EndProject
Project("{9A19103F-16F7-4668-BE54-9A1E7A4F7556}") = "App.Metrics", "src\App.Metrics\App.Metrics.csproj", "{8E0E0579-ACB1-4412-BF8E-1FCA4341EFE7}"
EndProject
Project("{9A19103F-16F7-4668-BE54-9A1E7A4F7556}") = "App.Metrics.Extensions.Middleware", "src\App.Metrics.Extensions.Middleware\App.Metrics.Extensions.Middleware.csproj", "{4E281FFD-BE0C-4842-827A-4DF45B7AAA04}"
EndProject
Project("{9A19103F-16F7-4668-BE54-9A1E7A4F7556}") = "App.Metrics.Extensions.Mvc", "src\App.Metrics.Extensions.Mvc\App.Metrics.Extensions.Mvc.csproj", "{21C3203D-DC15-4435-84D7-E6F2FDD71C2C}"
EndProject
Project("{9A19103F-16F7-4668-BE54-9A1E7A4F7556}") = "App.Metrics.Formatters.Json", "src\App.Metrics.Formatters.Json\App.Metrics.Formatters.Json.csproj", "{E8ED85F4-9A6D-476B-B12F-64BA07F52A18}"
EndProject
Project("{2150E333-8FDC-42A3-9474-1A3956D46DE8}") = "Cake", "Cake", "{99DA9961-5DF1-4EA9-B37A-BE346449F512}"
	ProjectSection(SolutionItems) = preProject
		build.cake = build.cake
		build.ps1 = build.ps1
		build.sh = build.sh
		tools\packages.config = tools\packages.config
	EndProjectSection
EndProject
Project("{2150E333-8FDC-42A3-9474-1A3956D46DE8}") = "Git", "Git", "{3B3721C0-41F4-48D5-92AC-0AE97D94031D}"
	ProjectSection(SolutionItems) = preProject
		CONTRIBUTING.md = CONTRIBUTING.md
		GitReleaseManager.yaml = GitReleaseManager.yaml
		ISSUE_TEMPLATE.md = ISSUE_TEMPLATE.md
		PULL_REQUEST_TEMPLATE.md = PULL_REQUEST_TEMPLATE.md
		README.md = README.md
	EndProjectSection
EndProject
Project("{2150E333-8FDC-42A3-9474-1A3956D46DE8}") = "sandbox", "sandbox", "{C0BC96C5-46E1-4323-9C5D-58D9A96549CD}"
EndProject
Project("{2150E333-8FDC-42A3-9474-1A3956D46DE8}") = "Sanbox", "Sanbox", "{F1ECA197-26EE-4A52-8026-D906C14685A2}"
	ProjectSection(SolutionItems) = preProject
		sandbox\generic_grafana_dashboard_demo.gif = sandbox\generic_grafana_dashboard_demo.gif
	EndProjectSection
EndProject
Project("{2150E333-8FDC-42A3-9474-1A3956D46DE8}") = "Build", "Build", "{07876CE3-350D-45E9-8BAD-89D35A3E1C58}"
	ProjectSection(SolutionItems) = preProject
		build\common.props = build\common.props
		build\dependencies.props = build\dependencies.props
	EndProjectSection
EndProject
Project("{9A19103F-16F7-4668-BE54-9A1E7A4F7556}") = "App.Metrics.Formatters.Ascii", "src\App.Metrics.Formatters.Ascii\App.Metrics.Formatters.Ascii.csproj", "{D7EEFE8B-0B2E-43C3-972E-13B091C5E78B}"
EndProject
Project("{9A19103F-16F7-4668-BE54-9A1E7A4F7556}") = "App.Metrics.Sandbox", "sandbox\App.Metrics.Sandbox\App.Metrics.Sandbox.csproj", "{4D8A4CB5-76A5-45F1-AB3D-5C71AD81E42F}"
EndProject
Project("{9A19103F-16F7-4668-BE54-9A1E7A4F7556}") = "App.Metrics.Benchmarks", "benchmarks\App.Metrics.Benchmarks\App.Metrics.Benchmarks.csproj", "{D677CCDA-A874-4407-9B5A-D58C2439965F}"
EndProject
Project("{9A19103F-16F7-4668-BE54-9A1E7A4F7556}") = "App.Metrics.Benchmarks.Runner", "benchmarks\App.Metrics.Benchmarks.Runner\App.Metrics.Benchmarks.Runner.csproj", "{1E8069E7-EF07-44A1-B19E-D98ECF86602C}"
EndProject
Project("{9A19103F-16F7-4668-BE54-9A1E7A4F7556}") = "App.Metrics.Facts", "test\App.Metrics.Facts\App.Metrics.Facts.csproj", "{ECAF07D0-A5C0-4D73-8FB2-DB870B6321C7}"
EndProject
Project("{9A19103F-16F7-4668-BE54-9A1E7A4F7556}") = "App.Metrics.Extensions.Middleware.Integration.Facts", "test\App.Metrics.Extensions.Middleware.Integration.Facts\App.Metrics.Extensions.Middleware.Integration.Facts.csproj", "{92522DDA-8C3D-4084-9719-E01F601F49B4}"
EndProject
Project("{9A19103F-16F7-4668-BE54-9A1E7A4F7556}") = "App.Metrics.Sampling.Facts", "test\App.Metrics.Sampling.Facts\App.Metrics.Sampling.Facts.csproj", "{0F9B20A3-0474-43F4-AF59-54AE764ACA7C}"
EndProject
Project("{9A19103F-16F7-4668-BE54-9A1E7A4F7556}") = "App.Metrics.Formatters.Json.Facts", "test\App.Metrics.Formatters.Json.Facts\App.Metrics.Formatters.Json.Facts.csproj", "{137401A6-7B61-4EAE-B71A-709E072DA0BD}"
EndProject
Global
	GlobalSection(SolutionConfigurationPlatforms) = preSolution
		Debug|Any CPU = Debug|Any CPU
		Release|Any CPU = Release|Any CPU
	EndGlobalSection
	GlobalSection(ProjectConfigurationPlatforms) = postSolution
		{8E0E0579-ACB1-4412-BF8E-1FCA4341EFE7}.Debug|Any CPU.ActiveCfg = Debug|Any CPU
		{8E0E0579-ACB1-4412-BF8E-1FCA4341EFE7}.Debug|Any CPU.Build.0 = Debug|Any CPU
		{8E0E0579-ACB1-4412-BF8E-1FCA4341EFE7}.Release|Any CPU.ActiveCfg = Release|Any CPU
		{8E0E0579-ACB1-4412-BF8E-1FCA4341EFE7}.Release|Any CPU.Build.0 = Release|Any CPU
		{4E281FFD-BE0C-4842-827A-4DF45B7AAA04}.Debug|Any CPU.ActiveCfg = Debug|Any CPU
		{4E281FFD-BE0C-4842-827A-4DF45B7AAA04}.Debug|Any CPU.Build.0 = Debug|Any CPU
		{4E281FFD-BE0C-4842-827A-4DF45B7AAA04}.Release|Any CPU.ActiveCfg = Release|Any CPU
		{4E281FFD-BE0C-4842-827A-4DF45B7AAA04}.Release|Any CPU.Build.0 = Release|Any CPU
		{21C3203D-DC15-4435-84D7-E6F2FDD71C2C}.Debug|Any CPU.ActiveCfg = Debug|Any CPU
		{21C3203D-DC15-4435-84D7-E6F2FDD71C2C}.Debug|Any CPU.Build.0 = Debug|Any CPU
		{21C3203D-DC15-4435-84D7-E6F2FDD71C2C}.Release|Any CPU.ActiveCfg = Release|Any CPU
		{21C3203D-DC15-4435-84D7-E6F2FDD71C2C}.Release|Any CPU.Build.0 = Release|Any CPU
		{E8ED85F4-9A6D-476B-B12F-64BA07F52A18}.Debug|Any CPU.ActiveCfg = Debug|Any CPU
		{E8ED85F4-9A6D-476B-B12F-64BA07F52A18}.Debug|Any CPU.Build.0 = Debug|Any CPU
		{E8ED85F4-9A6D-476B-B12F-64BA07F52A18}.Release|Any CPU.ActiveCfg = Release|Any CPU
		{E8ED85F4-9A6D-476B-B12F-64BA07F52A18}.Release|Any CPU.Build.0 = Release|Any CPU
		{D7EEFE8B-0B2E-43C3-972E-13B091C5E78B}.Debug|Any CPU.ActiveCfg = Debug|Any CPU
		{D7EEFE8B-0B2E-43C3-972E-13B091C5E78B}.Debug|Any CPU.Build.0 = Debug|Any CPU
		{D7EEFE8B-0B2E-43C3-972E-13B091C5E78B}.Release|Any CPU.ActiveCfg = Release|Any CPU
		{D7EEFE8B-0B2E-43C3-972E-13B091C5E78B}.Release|Any CPU.Build.0 = Release|Any CPU
		{4D8A4CB5-76A5-45F1-AB3D-5C71AD81E42F}.Debug|Any CPU.ActiveCfg = Debug|Any CPU
		{4D8A4CB5-76A5-45F1-AB3D-5C71AD81E42F}.Debug|Any CPU.Build.0 = Debug|Any CPU
		{4D8A4CB5-76A5-45F1-AB3D-5C71AD81E42F}.Release|Any CPU.ActiveCfg = Release|Any CPU
		{4D8A4CB5-76A5-45F1-AB3D-5C71AD81E42F}.Release|Any CPU.Build.0 = Release|Any CPU
		{D677CCDA-A874-4407-9B5A-D58C2439965F}.Debug|Any CPU.ActiveCfg = Debug|Any CPU
		{D677CCDA-A874-4407-9B5A-D58C2439965F}.Debug|Any CPU.Build.0 = Debug|Any CPU
		{D677CCDA-A874-4407-9B5A-D58C2439965F}.Release|Any CPU.ActiveCfg = Release|Any CPU
		{D677CCDA-A874-4407-9B5A-D58C2439965F}.Release|Any CPU.Build.0 = Release|Any CPU
		{1E8069E7-EF07-44A1-B19E-D98ECF86602C}.Debug|Any CPU.ActiveCfg = Debug|Any CPU
		{1E8069E7-EF07-44A1-B19E-D98ECF86602C}.Debug|Any CPU.Build.0 = Debug|Any CPU
		{1E8069E7-EF07-44A1-B19E-D98ECF86602C}.Release|Any CPU.ActiveCfg = Release|Any CPU
		{1E8069E7-EF07-44A1-B19E-D98ECF86602C}.Release|Any CPU.Build.0 = Release|Any CPU
		{ECAF07D0-A5C0-4D73-8FB2-DB870B6321C7}.Debug|Any CPU.ActiveCfg = Debug|Any CPU
		{ECAF07D0-A5C0-4D73-8FB2-DB870B6321C7}.Debug|Any CPU.Build.0 = Debug|Any CPU
		{ECAF07D0-A5C0-4D73-8FB2-DB870B6321C7}.Release|Any CPU.ActiveCfg = Release|Any CPU
		{ECAF07D0-A5C0-4D73-8FB2-DB870B6321C7}.Release|Any CPU.Build.0 = Release|Any CPU
		{92522DDA-8C3D-4084-9719-E01F601F49B4}.Debug|Any CPU.ActiveCfg = Debug|Any CPU
		{92522DDA-8C3D-4084-9719-E01F601F49B4}.Debug|Any CPU.Build.0 = Debug|Any CPU
		{92522DDA-8C3D-4084-9719-E01F601F49B4}.Release|Any CPU.ActiveCfg = Release|Any CPU
		{92522DDA-8C3D-4084-9719-E01F601F49B4}.Release|Any CPU.Build.0 = Release|Any CPU
		{0F9B20A3-0474-43F4-AF59-54AE764ACA7C}.Debug|Any CPU.ActiveCfg = Debug|Any CPU
		{0F9B20A3-0474-43F4-AF59-54AE764ACA7C}.Debug|Any CPU.Build.0 = Debug|Any CPU
		{0F9B20A3-0474-43F4-AF59-54AE764ACA7C}.Release|Any CPU.ActiveCfg = Release|Any CPU
		{0F9B20A3-0474-43F4-AF59-54AE764ACA7C}.Release|Any CPU.Build.0 = Release|Any CPU
		{137401A6-7B61-4EAE-B71A-709E072DA0BD}.Debug|Any CPU.ActiveCfg = Debug|Any CPU
		{137401A6-7B61-4EAE-B71A-709E072DA0BD}.Debug|Any CPU.Build.0 = Debug|Any CPU
		{137401A6-7B61-4EAE-B71A-709E072DA0BD}.Release|Any CPU.ActiveCfg = Release|Any CPU
		{137401A6-7B61-4EAE-B71A-709E072DA0BD}.Release|Any CPU.Build.0 = Release|Any CPU
	EndGlobalSection
	GlobalSection(SolutionProperties) = preSolution
		HideSolutionNode = FALSE
	EndGlobalSection
	GlobalSection(NestedProjects) = preSolution
		{8E0E0579-ACB1-4412-BF8E-1FCA4341EFE7} = {2D805782-756E-4C98-B22E-F502BEE95318}
		{4E281FFD-BE0C-4842-827A-4DF45B7AAA04} = {2D805782-756E-4C98-B22E-F502BEE95318}
		{21C3203D-DC15-4435-84D7-E6F2FDD71C2C} = {2D805782-756E-4C98-B22E-F502BEE95318}
		{E8ED85F4-9A6D-476B-B12F-64BA07F52A18} = {2D805782-756E-4C98-B22E-F502BEE95318}
		{99DA9961-5DF1-4EA9-B37A-BE346449F512} = {31A4DDB1-952E-4EED-96EF-29C669279A86}
		{3B3721C0-41F4-48D5-92AC-0AE97D94031D} = {31A4DDB1-952E-4EED-96EF-29C669279A86}
		{F1ECA197-26EE-4A52-8026-D906C14685A2} = {31A4DDB1-952E-4EED-96EF-29C669279A86}
		{07876CE3-350D-45E9-8BAD-89D35A3E1C58} = {31A4DDB1-952E-4EED-96EF-29C669279A86}
		{D7EEFE8B-0B2E-43C3-972E-13B091C5E78B} = {2D805782-756E-4C98-B22E-F502BEE95318}
		{4D8A4CB5-76A5-45F1-AB3D-5C71AD81E42F} = {C0BC96C5-46E1-4323-9C5D-58D9A96549CD}
		{D677CCDA-A874-4407-9B5A-D58C2439965F} = {A335612E-C4C6-4AF4-98A9-EB9FF40CA258}
		{1E8069E7-EF07-44A1-B19E-D98ECF86602C} = {A335612E-C4C6-4AF4-98A9-EB9FF40CA258}
		{ECAF07D0-A5C0-4D73-8FB2-DB870B6321C7} = {DD2E4647-7125-4CE3-9BA5-B45A26113A31}
		{92522DDA-8C3D-4084-9719-E01F601F49B4} = {DD2E4647-7125-4CE3-9BA5-B45A26113A31}
		{0F9B20A3-0474-43F4-AF59-54AE764ACA7C} = {DD2E4647-7125-4CE3-9BA5-B45A26113A31}
		{137401A6-7B61-4EAE-B71A-709E072DA0BD} = {DD2E4647-7125-4CE3-9BA5-B45A26113A31}
	EndGlobalSection
EndGlobal
