
Microsoft Visual Studio Solution File, Format Version 12.00
# Visual Studio 15
VisualStudioVersion = 15.0.27130.2027
MinimumVisualStudioVersion = 10.0.40219.1
Project("{2150E333-8FDC-42A3-9474-1A3956D46DE8}") = "src", "src", "{2D805782-756E-4C98-B22E-F502BEE95318}"
	ProjectSection(SolutionItems) = preProject
		src\Directory.Build.props = src\Directory.Build.props
	EndProjectSection
EndProject
Project("{2150E333-8FDC-42A3-9474-1A3956D46DE8}") = "Solution Items", "Solution Items", "{31A4DDB1-952E-4EED-96EF-29C669279A86}"
EndProject
Project("{2150E333-8FDC-42A3-9474-1A3956D46DE8}") = "test", "test", "{DD2E4647-7125-4CE3-9BA5-B45A26113A31}"
	ProjectSection(SolutionItems) = preProject
		test\Directory.Build.props = test\Directory.Build.props
	EndProjectSection
EndProject
Project("{2150E333-8FDC-42A3-9474-1A3956D46DE8}") = "sandbox", "sandbox", "{C0BC96C5-46E1-4323-9C5D-58D9A96549CD}"
EndProject
Project("{2150E333-8FDC-42A3-9474-1A3956D46DE8}") = "Build", "Build", "{07876CE3-350D-45E9-8BAD-89D35A3E1C58}"
	ProjectSection(SolutionItems) = preProject
		build\common.props = build\common.props
	EndProjectSection
EndProject
Project("{9A19103F-16F7-4668-BE54-9A1E7A4F7556}") = "App.Metrics.AspNetCore.Health", "src\App.Metrics.AspNetCore.Health\App.Metrics.AspNetCore.Health.csproj", "{AD27983B-4B95-44BB-A75B-C68520158C06}"
EndProject
Project("{9A19103F-16F7-4668-BE54-9A1E7A4F7556}") = "App.Metrics.AspNetCore.Health.Integration.Facts", "test\App.Metrics.AspNetCore.Health.Integration.Facts\App.Metrics.AspNetCore.Health.Integration.Facts.csproj", "{951AA943-DB5A-4765-9923-C713DDC8FB5C}"
EndProject
Project("{9A19103F-16F7-4668-BE54-9A1E7A4F7556}") = "App.Metrics.AspNetCore.Health.Core", "src\App.Metrics.AspNetCore.Health.Core\App.Metrics.AspNetCore.Health.Core.csproj", "{9EFA13CB-ED71-4921-8134-21CB2D0E2292}"
EndProject
Project("{9A19103F-16F7-4668-BE54-9A1E7A4F7556}") = "HealthSandboxMvc", "sandbox\HealthSandboxMvc\HealthSandboxMvc.csproj", "{D3A46A93-5920-4EFC-8A93-A9499AC271CB}"
EndProject
Project("{9A19103F-16F7-4668-BE54-9A1E7A4F7556}") = "App.Metrics.AspNetCore.Health.Hosting", "src\App.Metrics.AspNetCore.Health.Hosting\App.Metrics.AspNetCore.Health.Hosting.csproj", "{750C2D49-C0AB-4FDE-930C-208E477DBA44}"
EndProject
Project("{9A19103F-16F7-4668-BE54-9A1E7A4F7556}") = "App.Metrics.AspNetCore.Health.Endpoints", "src\App.Metrics.AspNetCore.Health.Endpoints\App.Metrics.AspNetCore.Health.Endpoints.csproj", "{F2EA63C0-A819-48FB-B0E5-5CBF879F6D01}"
EndProject
Project("{9A19103F-16F7-4668-BE54-9A1E7A4F7556}") = "AdditionalChecks", "sandbox\AdditionalChecks\AdditionalChecks.csproj", "{C0652D0D-2EAD-4E09-AF23-C679773F77A1}"
EndProject
Global
	GlobalSection(SolutionConfigurationPlatforms) = preSolution
		Debug|Any CPU = Debug|Any CPU
		Release|Any CPU = Release|Any CPU
	EndGlobalSection
	GlobalSection(ProjectConfigurationPlatforms) = postSolution
		{AD27983B-4B95-44BB-A75B-C68520158C06}.Debug|Any CPU.ActiveCfg = Debug|Any CPU
		{AD27983B-4B95-44BB-A75B-C68520158C06}.Debug|Any CPU.Build.0 = Debug|Any CPU
		{AD27983B-4B95-44BB-A75B-C68520158C06}.Release|Any CPU.ActiveCfg = Release|Any CPU
		{AD27983B-4B95-44BB-A75B-C68520158C06}.Release|Any CPU.Build.0 = Release|Any CPU
		{951AA943-DB5A-4765-9923-C713DDC8FB5C}.Debug|Any CPU.ActiveCfg = Debug|Any CPU
		{951AA943-DB5A-4765-9923-C713DDC8FB5C}.Debug|Any CPU.Build.0 = Debug|Any CPU
		{951AA943-DB5A-4765-9923-C713DDC8FB5C}.Release|Any CPU.ActiveCfg = Release|Any CPU
		{951AA943-DB5A-4765-9923-C713DDC8FB5C}.Release|Any CPU.Build.0 = Release|Any CPU
		{9EFA13CB-ED71-4921-8134-21CB2D0E2292}.Debug|Any CPU.ActiveCfg = Debug|Any CPU
		{9EFA13CB-ED71-4921-8134-21CB2D0E2292}.Debug|Any CPU.Build.0 = Debug|Any CPU
		{9EFA13CB-ED71-4921-8134-21CB2D0E2292}.Release|Any CPU.ActiveCfg = Release|Any CPU
		{9EFA13CB-ED71-4921-8134-21CB2D0E2292}.Release|Any CPU.Build.0 = Release|Any CPU
		{D3A46A93-5920-4EFC-8A93-A9499AC271CB}.Debug|Any CPU.ActiveCfg = Debug|Any CPU
		{D3A46A93-5920-4EFC-8A93-A9499AC271CB}.Debug|Any CPU.Build.0 = Debug|Any CPU
		{D3A46A93-5920-4EFC-8A93-A9499AC271CB}.Release|Any CPU.ActiveCfg = Release|Any CPU
		{D3A46A93-5920-4EFC-8A93-A9499AC271CB}.Release|Any CPU.Build.0 = Release|Any CPU
		{750C2D49-C0AB-4FDE-930C-208E477DBA44}.Debug|Any CPU.ActiveCfg = Debug|Any CPU
		{750C2D49-C0AB-4FDE-930C-208E477DBA44}.Debug|Any CPU.Build.0 = Debug|Any CPU
		{750C2D49-C0AB-4FDE-930C-208E477DBA44}.Release|Any CPU.ActiveCfg = Release|Any CPU
		{750C2D49-C0AB-4FDE-930C-208E477DBA44}.Release|Any CPU.Build.0 = Release|Any CPU
		{F2EA63C0-A819-48FB-B0E5-5CBF879F6D01}.Debug|Any CPU.ActiveCfg = Debug|Any CPU
		{F2EA63C0-A819-48FB-B0E5-5CBF879F6D01}.Debug|Any CPU.Build.0 = Debug|Any CPU
		{F2EA63C0-A819-48FB-B0E5-5CBF879F6D01}.Release|Any CPU.ActiveCfg = Release|Any CPU
		{F2EA63C0-A819-48FB-B0E5-5CBF879F6D01}.Release|Any CPU.Build.0 = Release|Any CPU
		{C0652D0D-2EAD-4E09-AF23-C679773F77A1}.Debug|Any CPU.ActiveCfg = Debug|Any CPU
		{C0652D0D-2EAD-4E09-AF23-C679773F77A1}.Debug|Any CPU.Build.0 = Debug|Any CPU
		{C0652D0D-2EAD-4E09-AF23-C679773F77A1}.Release|Any CPU.ActiveCfg = Release|Any CPU
		{C0652D0D-2EAD-4E09-AF23-C679773F77A1}.Release|Any CPU.Build.0 = Release|Any CPU
	EndGlobalSection
	GlobalSection(SolutionProperties) = preSolution
		HideSolutionNode = FALSE
	EndGlobalSection
	GlobalSection(NestedProjects) = preSolution
		{07876CE3-350D-45E9-8BAD-89D35A3E1C58} = {31A4DDB1-952E-4EED-96EF-29C669279A86}
		{AD27983B-4B95-44BB-A75B-C68520158C06} = {2D805782-756E-4C98-B22E-F502BEE95318}
		{951AA943-DB5A-4765-9923-C713DDC8FB5C} = {DD2E4647-7125-4CE3-9BA5-B45A26113A31}
		{9EFA13CB-ED71-4921-8134-21CB2D0E2292} = {2D805782-756E-4C98-B22E-F502BEE95318}
		{D3A46A93-5920-4EFC-8A93-A9499AC271CB} = {C0BC96C5-46E1-4323-9C5D-58D9A96549CD}
		{750C2D49-C0AB-4FDE-930C-208E477DBA44} = {2D805782-756E-4C98-B22E-F502BEE95318}
		{F2EA63C0-A819-48FB-B0E5-5CBF879F6D01} = {2D805782-756E-4C98-B22E-F502BEE95318}
		{C0652D0D-2EAD-4E09-AF23-C679773F77A1} = {C0BC96C5-46E1-4323-9C5D-58D9A96549CD}
	EndGlobalSection
	GlobalSection(ExtensibilityGlobals) = postSolution
		SolutionGuid = {A8699A1D-0BA1-403C-86E9-C789CD2645EB}
	EndGlobalSection
EndGlobal
