
Microsoft Visual Studio Solution File, Format Version 12.00
# Visual Studio 15
VisualStudioVersion = 15.0.27130.2027
MinimumVisualStudioVersion = 10.0.40219.1
Project("{2150E333-8FDC-42A3-9474-1A3956D46DE8}") = "src", "src", "{2D805782-756E-4C98-B22E-F502BEE95318}"
	ProjectSection(SolutionItems) = preProject
		src\Directory.Build.props = src\Directory.Build.props
	EndProjectSection
EndProject
Project("{2150E333-8FDC-42A3-9474-1A3956D46DE8}") = "Solution Items", "Solution Items", "{31A4DDB1-952E-4EED-96EF-29C669279A86}"
EndProject
Project("{2150E333-8FDC-42A3-9474-1A3956D46DE8}") = "test", "test", "{DD2E4647-7125-4CE3-9BA5-B45A26113A31}"
	ProjectSection(SolutionItems) = preProject
		test\Directory.Build.props = test\Directory.Build.props
	EndProjectSection
EndProject
Project("{9A19103F-16F7-4668-BE54-9A1E7A4F7556}") = "App.Metrics.Reporting.Console", "src\App.Metrics.Reporting.Console\App.Metrics.Reporting.Console.csproj", "{2017C0A4-7CBE-4834-A5EA-D8D9C7E37698}"
EndProject
Project("{9A19103F-16F7-4668-BE54-9A1E7A4F7556}") = "App.Metrics.Reporting.TextFile", "src\App.Metrics.Reporting.TextFile\App.Metrics.Reporting.TextFile.csproj", "{2B01FDF8-8E73-4904-9B2C-5BFA505BFF5F}"
EndProject
Project("{2150E333-8FDC-42A3-9474-1A3956D46DE8}") = "sandbox", "sandbox", "{887BC5A0-8ED7-4460-851D-5EFC4AE828DE}"
EndProject
Project("{2150E333-8FDC-42A3-9474-1A3956D46DE8}") = "build", "build", "{82BE5E48-3A8F-4B09-8A3A-03448C6D2B4D}"
	ProjectSection(SolutionItems) = preProject
		build\common.props = build\common.props
	EndProjectSection
EndProject
Project("{9A19103F-16F7-4668-BE54-9A1E7A4F7556}") = "App.Metrics.Reporting.Http", "src\App.Metrics.Reporting.Http\App.Metrics.Reporting.Http.csproj", "{A4FCA5FE-5866-419D-B2BE-AAF31751C476}"
EndProject
Project("{9A19103F-16F7-4668-BE54-9A1E7A4F7556}") = "App.Metrics.Reporting.Socket", "src\App.Metrics.Reporting.Socket\App.Metrics.Reporting.Socket.csproj", "{7DA4DF65-A890-4ACD-8981-AFAAF344C2C0}"
EndProject
Project("{9A19103F-16F7-4668-BE54-9A1E7A4F7556}") = "ReportingSandbox", "sandbox\ReportingSandbox\ReportingSandbox.csproj", "{96B005A1-B339-408F-BAAE-5C95566A7DF1}"
EndProject
Project("{9A19103F-16F7-4668-BE54-9A1E7A4F7556}") = "App.Metrics.Reporting.Console.Facts", "test\App.Metrics.Reporting.Console.Facts\App.Metrics.Reporting.Console.Facts.csproj", "{5A9AEB7B-FB2A-4933-96D3-DBAF9E25A9B0}"
EndProject
Project("{9A19103F-16F7-4668-BE54-9A1E7A4F7556}") = "App.Metrics.Reporting.Http.Facts", "test\App.Metrics.Reporting.Http.Facts\App.Metrics.Reporting.Http.Facts.csproj", "{457CACEF-A3DB-4A0B-8665-A5E20AA925E0}"
EndProject
Project("{9A19103F-16F7-4668-BE54-9A1E7A4F7556}") = "App.Metrics.Reporting.TextFile.Facts", "test\App.Metrics.Reporting.TextFile.Facts\App.Metrics.Reporting.TextFile.Facts.csproj", "{9032C810-1ABC-4631-AE3F-0F9A3482BA6B}"
EndProject
Project("{9A19103F-16F7-4668-BE54-9A1E7A4F7556}") = "App.Metrics.Reporting.FactsCommon", "test\App.Metrics.Reporting.FactsCommon\App.Metrics.Reporting.FactsCommon.csproj", "{CEC70E9D-D384-4473-910B-4E96936B3B7D}"
EndProject
Project("{9A19103F-16F7-4668-BE54-9A1E7A4F7556}") = "MetricsReceiveSanboxApi", "sandbox\MetricsReceiveSanboxApi\MetricsReceiveSanboxApi.csproj", "{9D0AE951-114B-4590-85D5-56C06652A19A}"
EndProject
Project("{9A19103F-16F7-4668-BE54-9A1E7A4F7556}") = "App.Metrics.Reporting.Socket.Facts", "test\App.Metrics.Reporting.Socket.Facts\App.Metrics.Reporting.Socket.Facts.csproj", "{F168E7F2-D0BE-4010-B30D-C95990225F32}"
EndProject
Project("{9A19103F-16F7-4668-BE54-9A1E7A4F7556}") = "App.Metrics.Formatters.GrafanaCloudHostedMetrics", "src\App.Metrics.Formatters.GrafanaCloudHostedMetrics\App.Metrics.Formatters.GrafanaCloudHostedMetrics.csproj", "{9765F358-0F22-45DE-A248-7AE013302BE0}"
EndProject
Project("{9A19103F-16F7-4668-BE54-9A1E7A4F7556}") = "App.Metrics.Reporting.GrafanaCloudHostedMetrics", "src\App.Metrics.Reporting.GrafanaCloudHostedMetrics\App.Metrics.Reporting.GrafanaCloudHostedMetrics.csproj", "{469E1726-F50A-436D-89CF-FA80274D9B5E}"
EndProject
Project("{2150E333-8FDC-42A3-9474-1A3956D46DE8}") = "GrafanaCloudHostedMetrics", "GrafanaCloudHostedMetrics", "{545237F6-9D1E-4FD2-87C7-FA1431500209}"
EndProject
Project("{2150E333-8FDC-42A3-9474-1A3956D46DE8}") = "GrafanaCloudHostedMetrics", "GrafanaCloudHostedMetrics", "{DEFBA9AB-0F83-48A4-9049-A796F68A9F10}"
EndProject
Project("{9A19103F-16F7-4668-BE54-9A1E7A4F7556}") = "App.Metrics.Reporting.GrafanaCloudHostedMetrics.Facts", "test\App.Metrics.Reporting.GrafanaCloudHostedMetrics.Facts\App.Metrics.Reporting.GrafanaCloudHostedMetrics.Facts.csproj", "{26B4EC0C-850E-4968-B6C7-D116EEDDF4DA}"
EndProject
Project("{2150E333-8FDC-42A3-9474-1A3956D46DE8}") = "InfluxDB", "InfluxDB", "{F7356ACC-64BE-48BF-A9C8-864AA1C3DA5A}"
EndProject
Project("{2150E333-8FDC-42A3-9474-1A3956D46DE8}") = "InfluxDB", "InfluxDB", "{3B064A0E-B6B6-41A3-BFC1-F4734E16EBA3}"
EndProject
Project("{9A19103F-16F7-4668-BE54-9A1E7A4F7556}") = "App.Metrics.Formatters.InfluxDB", "src\App.Metrics.Formatters.InfluxDB\App.Metrics.Formatters.InfluxDB.csproj", "{CCEDF308-8A1D-4EB4-8779-D6DA84E70DA0}"
EndProject
Project("{9A19103F-16F7-4668-BE54-9A1E7A4F7556}") = "App.Metrics.Reporting.InfluxDB.Facts", "test\App.Metrics.Reporting.InfluxDB.Facts\App.Metrics.Reporting.InfluxDB.Facts.csproj", "{5EBF6269-F5C9-42B1-AFDA-C3FBC3340903}"
EndProject
Project("{9A19103F-16F7-4668-BE54-9A1E7A4F7556}") = "App.Metrics.Reporting.InfluxDB", "src\App.Metrics.Reporting.InfluxDB\App.Metrics.Reporting.InfluxDB.csproj", "{92CF02D3-0D06-494D-908F-0A02C471284F}"
EndProject
Project("{2150E333-8FDC-42A3-9474-1A3956D46DE8}") = "Prometheus", "Prometheus", "{C5F8C44E-24E6-4A5D-800B-ED28548ABF4F}"
EndProject
Project("{9A19103F-16F7-4668-BE54-9A1E7A4F7556}") = "App.Metrics.Formatters.Prometheus", "src\App.Metrics.Formatters.Prometheus\App.Metrics.Formatters.Prometheus.csproj", "{A627A402-7BA8-454C-8634-4F14CC1219EB}"
EndProject
Project("{2150E333-8FDC-42A3-9474-1A3956D46DE8}") = "Prometheus", "Prometheus", "{DC95E9C9-286C-45D6-BE58-83E3F42DB96D}"
EndProject
Project("{2150E333-8FDC-42A3-9474-1A3956D46DE8}") = "Graphite", "Graphite", "{846E4B11-B48E-4D47-B27B-F7835468818F}"
EndProject
Project("{2150E333-8FDC-42A3-9474-1A3956D46DE8}") = "Graphite", "Graphite", "{9C23776D-B176-477C-B76E-389A3FA72174}"
EndProject
Project("{9A19103F-16F7-4668-BE54-9A1E7A4F7556}") = "App.Metrics.Formatters.Graphite", "src\App.Metrics.Formatters.Graphite\App.Metrics.Formatters.Graphite.csproj", "{A11AB480-2DE7-4D3B-93D4-B695AB12CC7B}"
EndProject
Project("{9A19103F-16F7-4668-BE54-9A1E7A4F7556}") = "App.Metrics.Reporting.Graphite", "src\App.Metrics.Reporting.Graphite\App.Metrics.Reporting.Graphite.csproj", "{71FB8400-337F-43CD-8B34-C069BD84846E}"
EndProject
Project("{9A19103F-16F7-4668-BE54-9A1E7A4F7556}") = "App.Metrics.Reporting.Graphite.Facts", "test\App.Metrics.Reporting.Graphite.Facts\App.Metrics.Reporting.Graphite.Facts.csproj", "{FB8CB23A-7624-44B6-AEEF-C39A6D66BB31}"
EndProject
Project("{2150E333-8FDC-42A3-9474-1A3956D46DE8}") = "GrafanaCloudHostedMetrics", "GrafanaCloudHostedMetrics", "{DE280A0A-B8DD-48EC-9941-A3A61E961CD2}"
EndProject
Project("{2150E333-8FDC-42A3-9474-1A3956D46DE8}") = "Graphite", "Graphite", "{EB997F10-56B6-4483-B7BB-101B1CDAFFAA}"
EndProject
Project("{2150E333-8FDC-42A3-9474-1A3956D46DE8}") = "InfluxDB", "InfluxDB", "{9D00C681-A88C-450E-B83E-E3BFF942F82A}"
EndProject
Project("{2150E333-8FDC-42A3-9474-1A3956D46DE8}") = "Prometheus", "Prometheus", "{276CABDF-9E9B-49D6-A3DD-99C9478C59C4}"
EndProject
Project("{9A19103F-16F7-4668-BE54-9A1E7A4F7556}") = "GrafanaCloudHostedMetricsSandbox", "sandbox\GrafanaCloudHostedMetricsSandbox\GrafanaCloudHostedMetricsSandbox.csproj", "{8CC03E03-4F4A-4E08-A877-541F6F3BA3F0}"
EndProject
Project("{9A19103F-16F7-4668-BE54-9A1E7A4F7556}") = "GrafanaCloudHostedMetricsSandboxMvc", "sandbox\GrafanaCloudHostedMetricsSandboxMvc\GrafanaCloudHostedMetricsSandboxMvc.csproj", "{25F042F9-32DB-4A54-9DDF-FFB0C5F25E30}"
EndProject
Project("{9A19103F-16F7-4668-BE54-9A1E7A4F7556}") = "MetricsGraphiteSandbox", "sandbox\MetricsGraphiteSandbox\MetricsGraphiteSandbox.csproj", "{7324A634-95FC-44EE-95AD-C7E75E54DBFD}"
EndProject
Project("{9A19103F-16F7-4668-BE54-9A1E7A4F7556}") = "MetricsGraphiteSandboxMvc", "sandbox\MetricsGraphiteSandboxMvc\MetricsGraphiteSandboxMvc.csproj", "{340A9029-2D45-4069-AE9A-3AEB11366814}"
EndProject
Project("{9A19103F-16F7-4668-BE54-9A1E7A4F7556}") = "MetricsInfluxDBSandbox", "sandbox\MetricsInfluxDBSandbox\MetricsInfluxDBSandbox.csproj", "{54C1059D-6508-40E8-A1D6-F32648955114}"
EndProject
Project("{9A19103F-16F7-4668-BE54-9A1E7A4F7556}") = "MetricsInfluxDBSandboxMvc", "sandbox\MetricsInfluxDBSandboxMvc\MetricsInfluxDBSandboxMvc.csproj", "{E7D3272E-D834-4675-B4E5-9DE322864042}"
EndProject
Project("{9A19103F-16F7-4668-BE54-9A1E7A4F7556}") = "MetricsPrometheusSandbox", "sandbox\MetricsPrometheusSandbox\MetricsPrometheusSandbox.csproj", "{B5A96731-39FB-4747-9A84-311D2CDFAA8E}"
EndProject
Project("{9A19103F-16F7-4668-BE54-9A1E7A4F7556}") = "MetricsPrometheusSandboxMvc", "sandbox\MetricsPrometheusSandboxMvc\MetricsPrometheusSandboxMvc.csproj", "{70F9BB97-02A0-42CC-9C84-BF1FB588A7DE}"
EndProject
Project("{2150E333-8FDC-42A3-9474-1A3956D46DE8}") = "Datadog", "Datadog", "{23445169-0670-42D5-A4D4-335C8DF387EC}"
EndProject
Project("{FAE04EC0-301F-11D3-BF4B-00C04F79EFBC}") = "App.Metrics.Formatting.Datadog", "src\App.Metrics.Formatting.Datadog\App.Metrics.Formatting.Datadog.csproj", "{50F61ECE-DD43-41FF-95A7-5C162343DA2B}"
EndProject
Project("{2150E333-8FDC-42A3-9474-1A3956D46DE8}") = "Datadog", "Datadog", "{051A3EFF-9AA1-499F-9888-CD2ADB543889}"
EndProject
Project("{FAE04EC0-301F-11D3-BF4B-00C04F79EFBC}") = "MetricsDatadogSandboxMvc", "sandbox\MetricsDatadogSandboxMvc\MetricsDatadogSandboxMvc.csproj", "{7FD2964F-6C0F-4375-9FD9-9FF57B63F08A}"
EndProject
Project("{FAE04EC0-301F-11D3-BF4B-00C04F79EFBC}") = "App.Metrics.Reporting.Datadog", "src\App.Metrics.Reporting.Datadog\App.Metrics.Reporting.Datadog.csproj", "{EC755048-F6E9-471E-B80D-D3FC89D317A9}"
EndProject
Project("{2150E333-8FDC-42A3-9474-1A3956D46DE8}") = "Datadog", "Datadog", "{91F23066-FE25-4F46-8EA8-3AD2A834CD36}"
EndProject
Project("{FAE04EC0-301F-11D3-BF4B-00C04F79EFBC}") = "App.Metrics.Reporting.Datadog.Facts", "test\App.Metrics.Reporting.Datadog.Facts\App.Metrics.Reporting.Datadog.Facts.csproj", "{EDF820D0-2FED-49F2-A10D-DA5382233EF0}"
EndProject
Global
	GlobalSection(SolutionConfigurationPlatforms) = preSolution
		Debug|Any CPU = Debug|Any CPU
		Release|Any CPU = Release|Any CPU
	EndGlobalSection
	GlobalSection(ProjectConfigurationPlatforms) = postSolution
		{2017C0A4-7CBE-4834-A5EA-D8D9C7E37698}.Debug|Any CPU.ActiveCfg = Debug|Any CPU
		{2017C0A4-7CBE-4834-A5EA-D8D9C7E37698}.Debug|Any CPU.Build.0 = Debug|Any CPU
		{2017C0A4-7CBE-4834-A5EA-D8D9C7E37698}.Release|Any CPU.ActiveCfg = Release|Any CPU
		{2017C0A4-7CBE-4834-A5EA-D8D9C7E37698}.Release|Any CPU.Build.0 = Release|Any CPU
		{2B01FDF8-8E73-4904-9B2C-5BFA505BFF5F}.Debug|Any CPU.ActiveCfg = Debug|Any CPU
		{2B01FDF8-8E73-4904-9B2C-5BFA505BFF5F}.Debug|Any CPU.Build.0 = Debug|Any CPU
		{2B01FDF8-8E73-4904-9B2C-5BFA505BFF5F}.Release|Any CPU.ActiveCfg = Release|Any CPU
		{2B01FDF8-8E73-4904-9B2C-5BFA505BFF5F}.Release|Any CPU.Build.0 = Release|Any CPU
		{A4FCA5FE-5866-419D-B2BE-AAF31751C476}.Debug|Any CPU.ActiveCfg = Debug|Any CPU
		{A4FCA5FE-5866-419D-B2BE-AAF31751C476}.Debug|Any CPU.Build.0 = Debug|Any CPU
		{A4FCA5FE-5866-419D-B2BE-AAF31751C476}.Release|Any CPU.ActiveCfg = Release|Any CPU
		{A4FCA5FE-5866-419D-B2BE-AAF31751C476}.Release|Any CPU.Build.0 = Release|Any CPU
		{7DA4DF65-A890-4ACD-8981-AFAAF344C2C0}.Debug|Any CPU.ActiveCfg = Debug|Any CPU
		{7DA4DF65-A890-4ACD-8981-AFAAF344C2C0}.Debug|Any CPU.Build.0 = Debug|Any CPU
		{7DA4DF65-A890-4ACD-8981-AFAAF344C2C0}.Release|Any CPU.ActiveCfg = Release|Any CPU
		{7DA4DF65-A890-4ACD-8981-AFAAF344C2C0}.Release|Any CPU.Build.0 = Release|Any CPU
		{96B005A1-B339-408F-BAAE-5C95566A7DF1}.Debug|Any CPU.ActiveCfg = Debug|Any CPU
		{96B005A1-B339-408F-BAAE-5C95566A7DF1}.Debug|Any CPU.Build.0 = Debug|Any CPU
		{96B005A1-B339-408F-BAAE-5C95566A7DF1}.Release|Any CPU.ActiveCfg = Release|Any CPU
		{96B005A1-B339-408F-BAAE-5C95566A7DF1}.Release|Any CPU.Build.0 = Release|Any CPU
		{5A9AEB7B-FB2A-4933-96D3-DBAF9E25A9B0}.Debug|Any CPU.ActiveCfg = Debug|Any CPU
		{5A9AEB7B-FB2A-4933-96D3-DBAF9E25A9B0}.Debug|Any CPU.Build.0 = Debug|Any CPU
		{5A9AEB7B-FB2A-4933-96D3-DBAF9E25A9B0}.Release|Any CPU.ActiveCfg = Release|Any CPU
		{5A9AEB7B-FB2A-4933-96D3-DBAF9E25A9B0}.Release|Any CPU.Build.0 = Release|Any CPU
		{457CACEF-A3DB-4A0B-8665-A5E20AA925E0}.Debug|Any CPU.ActiveCfg = Debug|Any CPU
		{457CACEF-A3DB-4A0B-8665-A5E20AA925E0}.Debug|Any CPU.Build.0 = Debug|Any CPU
		{457CACEF-A3DB-4A0B-8665-A5E20AA925E0}.Release|Any CPU.ActiveCfg = Release|Any CPU
		{457CACEF-A3DB-4A0B-8665-A5E20AA925E0}.Release|Any CPU.Build.0 = Release|Any CPU
		{9032C810-1ABC-4631-AE3F-0F9A3482BA6B}.Debug|Any CPU.ActiveCfg = Debug|Any CPU
		{9032C810-1ABC-4631-AE3F-0F9A3482BA6B}.Debug|Any CPU.Build.0 = Debug|Any CPU
		{9032C810-1ABC-4631-AE3F-0F9A3482BA6B}.Release|Any CPU.ActiveCfg = Release|Any CPU
		{9032C810-1ABC-4631-AE3F-0F9A3482BA6B}.Release|Any CPU.Build.0 = Release|Any CPU
		{CEC70E9D-D384-4473-910B-4E96936B3B7D}.Debug|Any CPU.ActiveCfg = Debug|Any CPU
		{CEC70E9D-D384-4473-910B-4E96936B3B7D}.Debug|Any CPU.Build.0 = Debug|Any CPU
		{CEC70E9D-D384-4473-910B-4E96936B3B7D}.Release|Any CPU.ActiveCfg = Release|Any CPU
		{CEC70E9D-D384-4473-910B-4E96936B3B7D}.Release|Any CPU.Build.0 = Release|Any CPU
		{9D0AE951-114B-4590-85D5-56C06652A19A}.Debug|Any CPU.ActiveCfg = Debug|Any CPU
		{9D0AE951-114B-4590-85D5-56C06652A19A}.Debug|Any CPU.Build.0 = Debug|Any CPU
		{9D0AE951-114B-4590-85D5-56C06652A19A}.Release|Any CPU.ActiveCfg = Release|Any CPU
		{9D0AE951-114B-4590-85D5-56C06652A19A}.Release|Any CPU.Build.0 = Release|Any CPU
		{F168E7F2-D0BE-4010-B30D-C95990225F32}.Debug|Any CPU.ActiveCfg = Debug|Any CPU
		{F168E7F2-D0BE-4010-B30D-C95990225F32}.Debug|Any CPU.Build.0 = Debug|Any CPU
		{F168E7F2-D0BE-4010-B30D-C95990225F32}.Release|Any CPU.ActiveCfg = Release|Any CPU
		{F168E7F2-D0BE-4010-B30D-C95990225F32}.Release|Any CPU.Build.0 = Release|Any CPU
		{9765F358-0F22-45DE-A248-7AE013302BE0}.Debug|Any CPU.ActiveCfg = Debug|Any CPU
		{9765F358-0F22-45DE-A248-7AE013302BE0}.Debug|Any CPU.Build.0 = Debug|Any CPU
		{9765F358-0F22-45DE-A248-7AE013302BE0}.Release|Any CPU.ActiveCfg = Release|Any CPU
		{9765F358-0F22-45DE-A248-7AE013302BE0}.Release|Any CPU.Build.0 = Release|Any CPU
		{469E1726-F50A-436D-89CF-FA80274D9B5E}.Debug|Any CPU.ActiveCfg = Debug|Any CPU
		{469E1726-F50A-436D-89CF-FA80274D9B5E}.Debug|Any CPU.Build.0 = Debug|Any CPU
		{469E1726-F50A-436D-89CF-FA80274D9B5E}.Release|Any CPU.ActiveCfg = Release|Any CPU
		{469E1726-F50A-436D-89CF-FA80274D9B5E}.Release|Any CPU.Build.0 = Release|Any CPU
		{26B4EC0C-850E-4968-B6C7-D116EEDDF4DA}.Debug|Any CPU.ActiveCfg = Debug|Any CPU
		{26B4EC0C-850E-4968-B6C7-D116EEDDF4DA}.Debug|Any CPU.Build.0 = Debug|Any CPU
		{26B4EC0C-850E-4968-B6C7-D116EEDDF4DA}.Release|Any CPU.ActiveCfg = Release|Any CPU
		{26B4EC0C-850E-4968-B6C7-D116EEDDF4DA}.Release|Any CPU.Build.0 = Release|Any CPU
		{CCEDF308-8A1D-4EB4-8779-D6DA84E70DA0}.Debug|Any CPU.ActiveCfg = Debug|Any CPU
		{CCEDF308-8A1D-4EB4-8779-D6DA84E70DA0}.Debug|Any CPU.Build.0 = Debug|Any CPU
		{CCEDF308-8A1D-4EB4-8779-D6DA84E70DA0}.Release|Any CPU.ActiveCfg = Release|Any CPU
		{CCEDF308-8A1D-4EB4-8779-D6DA84E70DA0}.Release|Any CPU.Build.0 = Release|Any CPU
		{5EBF6269-F5C9-42B1-AFDA-C3FBC3340903}.Debug|Any CPU.ActiveCfg = Debug|Any CPU
		{5EBF6269-F5C9-42B1-AFDA-C3FBC3340903}.Debug|Any CPU.Build.0 = Debug|Any CPU
		{5EBF6269-F5C9-42B1-AFDA-C3FBC3340903}.Release|Any CPU.ActiveCfg = Release|Any CPU
		{5EBF6269-F5C9-42B1-AFDA-C3FBC3340903}.Release|Any CPU.Build.0 = Release|Any CPU
		{92CF02D3-0D06-494D-908F-0A02C471284F}.Debug|Any CPU.ActiveCfg = Debug|Any CPU
		{92CF02D3-0D06-494D-908F-0A02C471284F}.Debug|Any CPU.Build.0 = Debug|Any CPU
		{92CF02D3-0D06-494D-908F-0A02C471284F}.Release|Any CPU.ActiveCfg = Release|Any CPU
		{92CF02D3-0D06-494D-908F-0A02C471284F}.Release|Any CPU.Build.0 = Release|Any CPU
		{A627A402-7BA8-454C-8634-4F14CC1219EB}.Debug|Any CPU.ActiveCfg = Debug|Any CPU
		{A627A402-7BA8-454C-8634-4F14CC1219EB}.Debug|Any CPU.Build.0 = Debug|Any CPU
		{A627A402-7BA8-454C-8634-4F14CC1219EB}.Release|Any CPU.ActiveCfg = Release|Any CPU
		{A627A402-7BA8-454C-8634-4F14CC1219EB}.Release|Any CPU.Build.0 = Release|Any CPU
		{A11AB480-2DE7-4D3B-93D4-B695AB12CC7B}.Debug|Any CPU.ActiveCfg = Debug|Any CPU
		{A11AB480-2DE7-4D3B-93D4-B695AB12CC7B}.Debug|Any CPU.Build.0 = Debug|Any CPU
		{A11AB480-2DE7-4D3B-93D4-B695AB12CC7B}.Release|Any CPU.ActiveCfg = Release|Any CPU
		{A11AB480-2DE7-4D3B-93D4-B695AB12CC7B}.Release|Any CPU.Build.0 = Release|Any CPU
		{71FB8400-337F-43CD-8B34-C069BD84846E}.Debug|Any CPU.ActiveCfg = Debug|Any CPU
		{71FB8400-337F-43CD-8B34-C069BD84846E}.Debug|Any CPU.Build.0 = Debug|Any CPU
		{71FB8400-337F-43CD-8B34-C069BD84846E}.Release|Any CPU.ActiveCfg = Release|Any CPU
		{71FB8400-337F-43CD-8B34-C069BD84846E}.Release|Any CPU.Build.0 = Release|Any CPU
		{FB8CB23A-7624-44B6-AEEF-C39A6D66BB31}.Debug|Any CPU.ActiveCfg = Debug|Any CPU
		{FB8CB23A-7624-44B6-AEEF-C39A6D66BB31}.Debug|Any CPU.Build.0 = Debug|Any CPU
		{FB8CB23A-7624-44B6-AEEF-C39A6D66BB31}.Release|Any CPU.ActiveCfg = Release|Any CPU
		{FB8CB23A-7624-44B6-AEEF-C39A6D66BB31}.Release|Any CPU.Build.0 = Release|Any CPU
		{8CC03E03-4F4A-4E08-A877-541F6F3BA3F0}.Debug|Any CPU.ActiveCfg = Debug|Any CPU
		{8CC03E03-4F4A-4E08-A877-541F6F3BA3F0}.Debug|Any CPU.Build.0 = Debug|Any CPU
		{8CC03E03-4F4A-4E08-A877-541F6F3BA3F0}.Release|Any CPU.ActiveCfg = Release|Any CPU
		{8CC03E03-4F4A-4E08-A877-541F6F3BA3F0}.Release|Any CPU.Build.0 = Release|Any CPU
		{25F042F9-32DB-4A54-9DDF-FFB0C5F25E30}.Debug|Any CPU.ActiveCfg = Debug|Any CPU
		{25F042F9-32DB-4A54-9DDF-FFB0C5F25E30}.Debug|Any CPU.Build.0 = Debug|Any CPU
		{25F042F9-32DB-4A54-9DDF-FFB0C5F25E30}.Release|Any CPU.ActiveCfg = Release|Any CPU
		{25F042F9-32DB-4A54-9DDF-FFB0C5F25E30}.Release|Any CPU.Build.0 = Release|Any CPU
		{7324A634-95FC-44EE-95AD-C7E75E54DBFD}.Debug|Any CPU.ActiveCfg = Debug|Any CPU
		{7324A634-95FC-44EE-95AD-C7E75E54DBFD}.Debug|Any CPU.Build.0 = Debug|Any CPU
		{7324A634-95FC-44EE-95AD-C7E75E54DBFD}.Release|Any CPU.ActiveCfg = Release|Any CPU
		{7324A634-95FC-44EE-95AD-C7E75E54DBFD}.Release|Any CPU.Build.0 = Release|Any CPU
		{340A9029-2D45-4069-AE9A-3AEB11366814}.Debug|Any CPU.ActiveCfg = Debug|Any CPU
		{340A9029-2D45-4069-AE9A-3AEB11366814}.Debug|Any CPU.Build.0 = Debug|Any CPU
		{340A9029-2D45-4069-AE9A-3AEB11366814}.Release|Any CPU.ActiveCfg = Release|Any CPU
		{340A9029-2D45-4069-AE9A-3AEB11366814}.Release|Any CPU.Build.0 = Release|Any CPU
		{54C1059D-6508-40E8-A1D6-F32648955114}.Debug|Any CPU.ActiveCfg = Debug|Any CPU
		{54C1059D-6508-40E8-A1D6-F32648955114}.Debug|Any CPU.Build.0 = Debug|Any CPU
		{54C1059D-6508-40E8-A1D6-F32648955114}.Release|Any CPU.ActiveCfg = Release|Any CPU
		{54C1059D-6508-40E8-A1D6-F32648955114}.Release|Any CPU.Build.0 = Release|Any CPU
		{E7D3272E-D834-4675-B4E5-9DE322864042}.Debug|Any CPU.ActiveCfg = Debug|Any CPU
		{E7D3272E-D834-4675-B4E5-9DE322864042}.Debug|Any CPU.Build.0 = Debug|Any CPU
		{E7D3272E-D834-4675-B4E5-9DE322864042}.Release|Any CPU.ActiveCfg = Release|Any CPU
		{E7D3272E-D834-4675-B4E5-9DE322864042}.Release|Any CPU.Build.0 = Release|Any CPU
		{B5A96731-39FB-4747-9A84-311D2CDFAA8E}.Debug|Any CPU.ActiveCfg = Debug|Any CPU
		{B5A96731-39FB-4747-9A84-311D2CDFAA8E}.Debug|Any CPU.Build.0 = Debug|Any CPU
		{B5A96731-39FB-4747-9A84-311D2CDFAA8E}.Release|Any CPU.ActiveCfg = Release|Any CPU
		{B5A96731-39FB-4747-9A84-311D2CDFAA8E}.Release|Any CPU.Build.0 = Release|Any CPU
		{70F9BB97-02A0-42CC-9C84-BF1FB588A7DE}.Debug|Any CPU.ActiveCfg = Debug|Any CPU
		{70F9BB97-02A0-42CC-9C84-BF1FB588A7DE}.Debug|Any CPU.Build.0 = Debug|Any CPU
		{70F9BB97-02A0-42CC-9C84-BF1FB588A7DE}.Release|Any CPU.ActiveCfg = Release|Any CPU
		{70F9BB97-02A0-42CC-9C84-BF1FB588A7DE}.Release|Any CPU.Build.0 = Release|Any CPU
		{50F61ECE-DD43-41FF-95A7-5C162343DA2B}.Debug|Any CPU.ActiveCfg = Debug|Any CPU
		{50F61ECE-DD43-41FF-95A7-5C162343DA2B}.Debug|Any CPU.Build.0 = Debug|Any CPU
		{50F61ECE-DD43-41FF-95A7-5C162343DA2B}.Release|Any CPU.ActiveCfg = Release|Any CPU
		{50F61ECE-DD43-41FF-95A7-5C162343DA2B}.Release|Any CPU.Build.0 = Release|Any CPU
		{7FD2964F-6C0F-4375-9FD9-9FF57B63F08A}.Debug|Any CPU.ActiveCfg = Debug|Any CPU
		{7FD2964F-6C0F-4375-9FD9-9FF57B63F08A}.Debug|Any CPU.Build.0 = Debug|Any CPU
		{7FD2964F-6C0F-4375-9FD9-9FF57B63F08A}.Release|Any CPU.ActiveCfg = Release|Any CPU
		{7FD2964F-6C0F-4375-9FD9-9FF57B63F08A}.Release|Any CPU.Build.0 = Release|Any CPU
		{EC755048-F6E9-471E-B80D-D3FC89D317A9}.Debug|Any CPU.ActiveCfg = Debug|Any CPU
		{EC755048-F6E9-471E-B80D-D3FC89D317A9}.Debug|Any CPU.Build.0 = Debug|Any CPU
		{EC755048-F6E9-471E-B80D-D3FC89D317A9}.Release|Any CPU.ActiveCfg = Release|Any CPU
		{EC755048-F6E9-471E-B80D-D3FC89D317A9}.Release|Any CPU.Build.0 = Release|Any CPU
		{EDF820D0-2FED-49F2-A10D-DA5382233EF0}.Debug|Any CPU.ActiveCfg = Debug|Any CPU
		{EDF820D0-2FED-49F2-A10D-DA5382233EF0}.Debug|Any CPU.Build.0 = Debug|Any CPU
		{EDF820D0-2FED-49F2-A10D-DA5382233EF0}.Release|Any CPU.ActiveCfg = Release|Any CPU
		{EDF820D0-2FED-49F2-A10D-DA5382233EF0}.Release|Any CPU.Build.0 = Release|Any CPU
	EndGlobalSection
	GlobalSection(SolutionProperties) = preSolution
		HideSolutionNode = FALSE
	EndGlobalSection
	GlobalSection(NestedProjects) = preSolution
		{2017C0A4-7CBE-4834-A5EA-D8D9C7E37698} = {2D805782-756E-4C98-B22E-F502BEE95318}
		{2B01FDF8-8E73-4904-9B2C-5BFA505BFF5F} = {2D805782-756E-4C98-B22E-F502BEE95318}
		{82BE5E48-3A8F-4B09-8A3A-03448C6D2B4D} = {31A4DDB1-952E-4EED-96EF-29C669279A86}
		{A4FCA5FE-5866-419D-B2BE-AAF31751C476} = {2D805782-756E-4C98-B22E-F502BEE95318}
		{7DA4DF65-A890-4ACD-8981-AFAAF344C2C0} = {2D805782-756E-4C98-B22E-F502BEE95318}
		{96B005A1-B339-408F-BAAE-5C95566A7DF1} = {887BC5A0-8ED7-4460-851D-5EFC4AE828DE}
		{5A9AEB7B-FB2A-4933-96D3-DBAF9E25A9B0} = {DD2E4647-7125-4CE3-9BA5-B45A26113A31}
		{457CACEF-A3DB-4A0B-8665-A5E20AA925E0} = {DD2E4647-7125-4CE3-9BA5-B45A26113A31}
		{9032C810-1ABC-4631-AE3F-0F9A3482BA6B} = {DD2E4647-7125-4CE3-9BA5-B45A26113A31}
		{CEC70E9D-D384-4473-910B-4E96936B3B7D} = {DD2E4647-7125-4CE3-9BA5-B45A26113A31}
		{9D0AE951-114B-4590-85D5-56C06652A19A} = {887BC5A0-8ED7-4460-851D-5EFC4AE828DE}
		{F168E7F2-D0BE-4010-B30D-C95990225F32} = {DD2E4647-7125-4CE3-9BA5-B45A26113A31}
		{9765F358-0F22-45DE-A248-7AE013302BE0} = {545237F6-9D1E-4FD2-87C7-FA1431500209}
		{469E1726-F50A-436D-89CF-FA80274D9B5E} = {545237F6-9D1E-4FD2-87C7-FA1431500209}
		{545237F6-9D1E-4FD2-87C7-FA1431500209} = {2D805782-756E-4C98-B22E-F502BEE95318}
		{DEFBA9AB-0F83-48A4-9049-A796F68A9F10} = {DD2E4647-7125-4CE3-9BA5-B45A26113A31}
		{26B4EC0C-850E-4968-B6C7-D116EEDDF4DA} = {DEFBA9AB-0F83-48A4-9049-A796F68A9F10}
		{F7356ACC-64BE-48BF-A9C8-864AA1C3DA5A} = {2D805782-756E-4C98-B22E-F502BEE95318}
		{3B064A0E-B6B6-41A3-BFC1-F4734E16EBA3} = {DD2E4647-7125-4CE3-9BA5-B45A26113A31}
		{CCEDF308-8A1D-4EB4-8779-D6DA84E70DA0} = {F7356ACC-64BE-48BF-A9C8-864AA1C3DA5A}
		{5EBF6269-F5C9-42B1-AFDA-C3FBC3340903} = {3B064A0E-B6B6-41A3-BFC1-F4734E16EBA3}
		{92CF02D3-0D06-494D-908F-0A02C471284F} = {F7356ACC-64BE-48BF-A9C8-864AA1C3DA5A}
		{C5F8C44E-24E6-4A5D-800B-ED28548ABF4F} = {2D805782-756E-4C98-B22E-F502BEE95318}
		{A627A402-7BA8-454C-8634-4F14CC1219EB} = {C5F8C44E-24E6-4A5D-800B-ED28548ABF4F}
		{DC95E9C9-286C-45D6-BE58-83E3F42DB96D} = {DD2E4647-7125-4CE3-9BA5-B45A26113A31}
		{846E4B11-B48E-4D47-B27B-F7835468818F} = {2D805782-756E-4C98-B22E-F502BEE95318}
		{9C23776D-B176-477C-B76E-389A3FA72174} = {DD2E4647-7125-4CE3-9BA5-B45A26113A31}
		{A11AB480-2DE7-4D3B-93D4-B695AB12CC7B} = {846E4B11-B48E-4D47-B27B-F7835468818F}
		{71FB8400-337F-43CD-8B34-C069BD84846E} = {846E4B11-B48E-4D47-B27B-F7835468818F}
		{FB8CB23A-7624-44B6-AEEF-C39A6D66BB31} = {9C23776D-B176-477C-B76E-389A3FA72174}
		{DE280A0A-B8DD-48EC-9941-A3A61E961CD2} = {887BC5A0-8ED7-4460-851D-5EFC4AE828DE}
		{EB997F10-56B6-4483-B7BB-101B1CDAFFAA} = {887BC5A0-8ED7-4460-851D-5EFC4AE828DE}
		{9D00C681-A88C-450E-B83E-E3BFF942F82A} = {887BC5A0-8ED7-4460-851D-5EFC4AE828DE}
		{276CABDF-9E9B-49D6-A3DD-99C9478C59C4} = {887BC5A0-8ED7-4460-851D-5EFC4AE828DE}
		{8CC03E03-4F4A-4E08-A877-541F6F3BA3F0} = {DE280A0A-B8DD-48EC-9941-A3A61E961CD2}
		{25F042F9-32DB-4A54-9DDF-FFB0C5F25E30} = {DE280A0A-B8DD-48EC-9941-A3A61E961CD2}
		{7324A634-95FC-44EE-95AD-C7E75E54DBFD} = {EB997F10-56B6-4483-B7BB-101B1CDAFFAA}
		{340A9029-2D45-4069-AE9A-3AEB11366814} = {EB997F10-56B6-4483-B7BB-101B1CDAFFAA}
		{54C1059D-6508-40E8-A1D6-F32648955114} = {9D00C681-A88C-450E-B83E-E3BFF942F82A}
		{E7D3272E-D834-4675-B4E5-9DE322864042} = {9D00C681-A88C-450E-B83E-E3BFF942F82A}
		{B5A96731-39FB-4747-9A84-311D2CDFAA8E} = {276CABDF-9E9B-49D6-A3DD-99C9478C59C4}
		{70F9BB97-02A0-42CC-9C84-BF1FB588A7DE} = {276CABDF-9E9B-49D6-A3DD-99C9478C59C4}
		{23445169-0670-42D5-A4D4-335C8DF387EC} = {2D805782-756E-4C98-B22E-F502BEE95318}
		{50F61ECE-DD43-41FF-95A7-5C162343DA2B} = {23445169-0670-42D5-A4D4-335C8DF387EC}
		{051A3EFF-9AA1-499F-9888-CD2ADB543889} = {887BC5A0-8ED7-4460-851D-5EFC4AE828DE}
		{7FD2964F-6C0F-4375-9FD9-9FF57B63F08A} = {051A3EFF-9AA1-499F-9888-CD2ADB543889}
		{EC755048-F6E9-471E-B80D-D3FC89D317A9} = {23445169-0670-42D5-A4D4-335C8DF387EC}
		{91F23066-FE25-4F46-8EA8-3AD2A834CD36} = {DD2E4647-7125-4CE3-9BA5-B45A26113A31}
		{EDF820D0-2FED-49F2-A10D-DA5382233EF0} = {91F23066-FE25-4F46-8EA8-3AD2A834CD36}
	EndGlobalSection
	GlobalSection(ExtensibilityGlobals) = postSolution
		SolutionGuid = {492C97B1-706A-4357-B3F7-EFB6AFB1F6C6}
	EndGlobalSection
EndGlobal
